Microsoft Visual Studio Solution File, Format Version 12.00
# Visual Studio Version 17
VisualStudioVersion = 17.5.2.0
MinimumVisualStudioVersion = 10.0.40219.1
Project("{FAE04EC0-301F-11D3-BF4B-00C04F79EFBC}") = "RubricaSemplice.Api", "RubricaSemplice.Api.csproj", "{744A7889-D67D-C5EC-E137-BFE9887F03E6}"
EndProject
Global
	GlobalSection(SolutionConfigurationPlatforms) = preSolution
		Debug|Any CPU = Debug|Any CPU
		Release|Any CPU = Release|Any CPU
	EndGlobalSection
	GlobalSection(ProjectConfigurationPlatforms) = postSolution
		{744A7889-D67D-C5EC-E137-BFE9887F03E6}.Debug|Any CPU.ActiveCfg = Debug|Any CPU
		{744A7889-D67D-C5EC-E137-BFE9887F03E6}.Debug|Any CPU.Build.0 = Debug|Any CPU
		{744A7889-D67D-C5EC-E137-BFE9887F03E6}.Release|Any CPU.ActiveCfg = Release|Any CPU
		{744A7889-D67D-C5EC-E137-BFE9887F03E6}.Release|Any CPU.Build.0 = Release|Any CPU
	EndGlobalSection
	GlobalSection(SolutionProperties) = preSolution
		HideSolutionNode = FALSE
	EndGlobalSection
	GlobalSection(ExtensibilityGlobals) = postSolution
		SolutionGuid = {09A83A88-3C42-4B1E-8F55-AA7861802113}
	EndGlobalSection
EndGlobal
